{
  "name": "@jakejarrett/gtk-theme",
  "version": "1.1.1",
  "lockfileVersion": 1,
  "dependencies": {
    "is-cinnamon": {
      "version": "2.0.0",
      "resolved": "https://registry.npmjs.org/is-cinnamon/-/is-cinnamon-2.0.0.tgz",
      "integrity": "sha512-BPHpCJlQLX+cgI+mYnol8LJ7RDRP9lyeLG6u/gXM/bcahGT2L2KDPTEGrFTpHajiSmNSHCCqgZqhVRR5Kvm4Zw=="
    },
    "is-gnome": {
      "version": "2.0.0",
      "resolved": "https://registry.npmjs.org/is-gnome/-/is-gnome-2.0.0.tgz",
      "integrity": "sha512-poBYf9v9e8zSYVCaOpJrHw7enpjDlHe9ZN2I1GsfH8KbiAGWeRyVV68klIWw2+o+DoI2DoW6Mi3LU54CeMzSPw=="
    },
    "is-kde": {
      "version": "2.0.0",
      "resolved": "https://registry.npmjs.org/is-kde/-/is-kde-2.0.0.tgz",
      "integrity": "sha512-LJ4VsYfbgwPL6wt5DOhuSFBCySXJfotdpEbFEPTy/V+MKiO3NsmofjbvbZ8bTnM6X7lEFGgNtXTlHdqxSxuEKA=="
    },
    "is-lxde": {
      "version": "2.0.0",
      "resolved": "https://registry.npmjs.org/is-lxde/-/is-lxde-2.0.0.tgz",
      "integrity": "sha512-wP4imtPRfP+tOKE3GcVusTiTRQIUP8CXzq81jYkEJshvVFdO25rTukY8o2W6duYnD9ymoZ9L+rWH6wa7XE322Q=="
    },
    "is-mate": {
      "version": "2.0.0",
      "resolved": "https://registry.npmjs.org/is-mate/-/is-mate-2.0.0.tgz",
      "integrity": "sha512-wnao0cWm7ewg5uWsVLgZsrJSAUUaBYe+0+oTREYEYKH+NGBdi5RMBAZ7ylmLD78bxZi5WqsZfVXRbxFEwV61MA=="
    },
    "is-sugar": {
      "version": "2.0.0",
      "resolved": "https://registry.npmjs.org/is-sugar/-/is-sugar-2.0.0.tgz",
      "integrity": "sha512-WX1f5XgrrrmCOAwCEctqy4DGockk3fNVxUOS+ZzeTQJd8wqQENztDBuONwLGYy1LvWRlJgEkftOzCnWRJGaaJQ=="
    },
    "is-unity": {
      "version": "2.0.0",
      "resolved": "https://registry.npmjs.org/is-unity/-/is-unity-2.0.0.tgz",
      "integrity": "sha512-qGb4WhWtHgysV4cMMpbZYXViRSGbjuMF7pam1jrzXriIE44SIRKrwG0kp/Gs8tbXLbLzRmVGpyFyPTHVMW+w8g=="
    },
    "is-xfce": {
      "version": "2.0.0",
      "resolved": "https://registry.npmjs.org/is-xfce/-/is-xfce-2.0.0.tgz",
      "integrity": "sha512-V2MUNVoEQxn8rvUamzuNY1HbplxAiijLkdBtBjSRa2zrbMyGNlthi3Iry0ym9TOAALm6qg8nwfjJnPG2rO0ffA=="
    },
    "pify": {
      "version": "3.0.0",
      "resolved": "https://registry.npmjs.org/pify/-/pify-3.0.0.tgz",
      "integrity": "sha1-5aSs0sEB/fPZpNB/DbxNtJ3SgXY="
    }
  }
}
